
Microsoft Visual Studio Solution File, Format Version 12.00
# Visual Studio Version 17
VisualStudioVersion = 17.14.36414.22
MinimumVisualStudioVersion = 10.0.40219.1
Project("{FAE04EC0-301F-11D3-BF4B-00C04F79EFBC}") = "ID3D", "ID3D\ID3D.csproj", "{4A9B6E44-02D7-49C6-8862-A2B88260D73B}"
EndProject
Project("{FAE04EC0-301F-11D3-BF4B-00C04F79EFBC}") = "ID3DApp", "ID3DApp\ID3DApp.csproj", "{66AC0A5B-39ED-40E1-A5B9-53D620FE25A9}"
EndProject
Project("{FAE04EC0-301F-11D3-BF4B-00C04F79EFBC}") = "ID3DWeb", "ID3DWeb\ID3DWeb.csproj", "{3E99DD21-9AD9-481F-ACD0-9AE71E540622}"
EndProject
Project("{FAE04EC0-301F-11D3-BF4B-00C04F79EFBC}") = "ID3DModel", "ID3DModel\ID3DModel.csproj", "{87A2657C-F8F0-4F46-BFDF-EEA45C4D170D}"
EndProject
Project("{FAE04EC0-301F-11D3-BF4B-00C04F79EFBC}") = "ID3DWebLib", "ID3DWebLib\ID3DWebLib.csproj", "{66EEC3E0-F81B-46CC-876D-99A4FB9531D0}"
EndProject
Global
	GlobalSection(SolutionConfigurationPlatforms) = preSolution
		Debug|Any CPU = Debug|Any CPU
		Release|Any CPU = Release|Any CPU
	EndGlobalSection
	GlobalSection(ProjectConfigurationPlatforms) = postSolution
		{4A9B6E44-02D7-49C6-8862-A2B88260D73B}.Debug|Any CPU.ActiveCfg = Debug|Any CPU
		{4A9B6E44-02D7-49C6-8862-A2B88260D73B}.Debug|Any CPU.Build.0 = Debug|Any CPU
		{4A9B6E44-02D7-49C6-8862-A2B88260D73B}.Release|Any CPU.ActiveCfg = Release|Any CPU
		{4A9B6E44-02D7-49C6-8862-A2B88260D73B}.Release|Any CPU.Build.0 = Release|Any CPU
		{66AC0A5B-39ED-40E1-A5B9-53D620FE25A9}.Debug|Any CPU.ActiveCfg = Debug|Any CPU
		{66AC0A5B-39ED-40E1-A5B9-53D620FE25A9}.Debug|Any CPU.Build.0 = Debug|Any CPU
		{66AC0A5B-39ED-40E1-A5B9-53D620FE25A9}.Release|Any CPU.ActiveCfg = Release|Any CPU
		{66AC0A5B-39ED-40E1-A5B9-53D620FE25A9}.Release|Any CPU.Build.0 = Release|Any CPU
		{3E99DD21-9AD9-481F-ACD0-9AE71E540622}.Debug|Any CPU.ActiveCfg = Debug|Any CPU
		{3E99DD21-9AD9-481F-ACD0-9AE71E540622}.Debug|Any CPU.Build.0 = Debug|Any CPU
		{3E99DD21-9AD9-481F-ACD0-9AE71E540622}.Release|Any CPU.ActiveCfg = Release|Any CPU
		{3E99DD21-9AD9-481F-ACD0-9AE71E540622}.Release|Any CPU.Build.0 = Release|Any CPU
		{87A2657C-F8F0-4F46-BFDF-EEA45C4D170D}.Debug|Any CPU.ActiveCfg = Debug|Any CPU
		{87A2657C-F8F0-4F46-BFDF-EEA45C4D170D}.Debug|Any CPU.Build.0 = Debug|Any CPU
		{87A2657C-F8F0-4F46-BFDF-EEA45C4D170D}.Release|Any CPU.ActiveCfg = Release|Any CPU
		{87A2657C-F8F0-4F46-BFDF-EEA45C4D170D}.Release|Any CPU.Build.0 = Release|Any CPU
		{66EEC3E0-F81B-46CC-876D-99A4FB9531D0}.Debug|Any CPU.ActiveCfg = Debug|Any CPU
		{66EEC3E0-F81B-46CC-876D-99A4FB9531D0}.Debug|Any CPU.Build.0 = Debug|Any CPU
		{66EEC3E0-F81B-46CC-876D-99A4FB9531D0}.Release|Any CPU.ActiveCfg = Release|Any CPU
		{66EEC3E0-F81B-46CC-876D-99A4FB9531D0}.Release|Any CPU.Build.0 = Release|Any CPU
	EndGlobalSection
	GlobalSection(SolutionProperties) = preSolution
		HideSolutionNode = FALSE
	EndGlobalSection
	GlobalSection(ExtensibilityGlobals) = postSolution
		SolutionGuid = {F99B3056-5365-487C-94B5-262BFA0086A5}
	EndGlobalSection
EndGlobal
